
Microsoft Visual Studio Solution File, Format Version 12.00
# Visual Studio Version 17
VisualStudioVersion = 17.0.31903.59
MinimumVisualStudioVersion = 10.0.40219.1
Project("{9A19103F-16F7-4668-BE54-9A1E7A4F7556}") = "SmartConsult.Api", "SmartConsult.Api\SmartConsult.Api.csproj", "{9927A657-6E3F-4CA0-9555-F9529698FD6A}"
EndProject
Project("{9A19103F-16F7-4668-BE54-9A1E7A4F7556}") = "SmartConsult.Data", "SmartConsult.Data\SmartConsult.Data.csproj", "{71769041-DFA7-46E5-92EC-05498E1B5E95}"
EndProject
Project("{9A19103F-16F7-4668-BE54-9A1E7A4F7556}") = "SmartConsult.Services.SqlServer", "SmartConsult.Services.SqlServer\SmartConsult.Services.SqlServer.csproj", "{0B5BA761-D305-4645-97A7-29ABDE50EFA8}"
EndProject
Project("{FAE04EC0-301F-11D3-BF4B-00C04F79EFBC}") = "SmartConsult.Api.Handlers", "SmartConsult.Api.Handlers\SmartConsult.Api.Handlers.csproj", "{017AFE74-67AB-44EA-9B3F-DBCD18568CC0}"
EndProject
Global
	GlobalSection(SolutionConfigurationPlatforms) = preSolution
		Debug|Any CPU = Debug|Any CPU
		Release|Any CPU = Release|Any CPU
	EndGlobalSection
	GlobalSection(ProjectConfigurationPlatforms) = postSolution
		{9927A657-6E3F-4CA0-9555-F9529698FD6A}.Debug|Any CPU.ActiveCfg = Debug|Any CPU
		{9927A657-6E3F-4CA0-9555-F9529698FD6A}.Debug|Any CPU.Build.0 = Debug|Any CPU
		{9927A657-6E3F-4CA0-9555-F9529698FD6A}.Release|Any CPU.ActiveCfg = Release|Any CPU
		{9927A657-6E3F-4CA0-9555-F9529698FD6A}.Release|Any CPU.Build.0 = Release|Any CPU
		{71769041-DFA7-46E5-92EC-05498E1B5E95}.Debug|Any CPU.ActiveCfg = Debug|Any CPU
		{71769041-DFA7-46E5-92EC-05498E1B5E95}.Debug|Any CPU.Build.0 = Debug|Any CPU
		{71769041-DFA7-46E5-92EC-05498E1B5E95}.Release|Any CPU.ActiveCfg = Release|Any CPU
		{71769041-DFA7-46E5-92EC-05498E1B5E95}.Release|Any CPU.Build.0 = Release|Any CPU
		{0B5BA761-D305-4645-97A7-29ABDE50EFA8}.Debug|Any CPU.ActiveCfg = Debug|Any CPU
		{0B5BA761-D305-4645-97A7-29ABDE50EFA8}.Debug|Any CPU.Build.0 = Debug|Any CPU
		{0B5BA761-D305-4645-97A7-29ABDE50EFA8}.Release|Any CPU.ActiveCfg = Release|Any CPU
		{0B5BA761-D305-4645-97A7-29ABDE50EFA8}.Release|Any CPU.Build.0 = Release|Any CPU
		{017AFE74-67AB-44EA-9B3F-DBCD18568CC0}.Debug|Any CPU.ActiveCfg = Debug|Any CPU
		{017AFE74-67AB-44EA-9B3F-DBCD18568CC0}.Debug|Any CPU.Build.0 = Debug|Any CPU
		{017AFE74-67AB-44EA-9B3F-DBCD18568CC0}.Release|Any CPU.ActiveCfg = Release|Any CPU
		{017AFE74-67AB-44EA-9B3F-DBCD18568CC0}.Release|Any CPU.Build.0 = Release|Any CPU
	EndGlobalSection
	GlobalSection(SolutionProperties) = preSolution
		HideSolutionNode = FALSE
	EndGlobalSection
	GlobalSection(ExtensibilityGlobals) = postSolution
		SolutionGuid = {01688A96-B4E4-43F1-86BD-2BBA90940EE3}
	EndGlobalSection
EndGlobal
